
Microsoft Visual Studio Solution File, Format Version 12.00
# Visual Studio Version 17
VisualStudioVersion = 17.4.33110.190
MinimumVisualStudioVersion = 10.0.40219.1
Project("{FAE04EC0-301F-11D3-BF4B-00C04F79EFBC}") = "BazarMiniMarket", "Modul7_\BazarMiniMarket.csproj", "{36A259D9-3489-4279-9E5D-D436CCBF33E9}"
EndProject
Global
	GlobalSection(SolutionConfigurationPlatforms) = preSolution
		Debug|Any CPU = Debug|Any CPU
		Release|Any CPU = Release|Any CPU
	EndGlobalSection
	GlobalSection(ProjectConfigurationPlatforms) = postSolution
		{36A259D9-3489-4279-9E5D-D436CCBF33E9}.Debug|Any CPU.ActiveCfg = Debug|Any CPU
		{36A259D9-3489-4279-9E5D-D436CCBF33E9}.Debug|Any CPU.Build.0 = Debug|Any CPU
		{36A259D9-3489-4279-9E5D-D436CCBF33E9}.Release|Any CPU.ActiveCfg = Release|Any CPU
		{36A259D9-3489-4279-9E5D-D436CCBF33E9}.Release|Any CPU.Build.0 = Release|Any CPU
	EndGlobalSection
	GlobalSection(SolutionProperties) = preSolution
		HideSolutionNode = FALSE
	EndGlobalSection
	GlobalSection(ExtensibilityGlobals) = postSolution
		SolutionGuid = {BA0541A1-EA2A-4B7D-B9CA-D142263601F4}
	EndGlobalSection
EndGlobal
